github.com/ajstarks/deck v0.0.0-20200418042010-55a9856ad60e h1:+NA3TibJaeX2chGgmuvOUYm+y/lLYMRDGzdE2EbdbJc=
github.com/ajstarks/deck v0.0.0-20200418042010-55a9856ad60e/go.mod h1:JynElWSGnm/4RlzPXRlREEwqTHAN3T56Bv2ITsFT3gY=
github.com/ajstarks/deck/generate v0.0.0-20200418042010-55a9856ad60e h1:3izk0CjUazbE+NNFFY9DYO4vVjmQq7kUjKZISmAx8PI=
github.com/ajstarks/deck/generate v0.0.0-20200418042010-55a9856ad60e/go.mod h1:D/JDLUt8enaNLg7TEuwlg+n8w+OWrqOMBaUbnua/5K8=
